
Microsoft Visual Studio Solution File, Format Version 12.00
# Visual Studio Version 17
VisualStudioVersion = 17.3.32929.385
MinimumVisualStudioVersion = 10.0.40219.1
Project("{FAE04EC0-301F-11D3-BF4B-00C04F79EFBC}") = "AplikasiRegistrasi", "AplikasiRegistrasi\AplikasiRegistrasi.csproj", "{99B4DB93-5B5C-47D7-B2FB-4756999CD3CC}"
EndProject
Global
	GlobalSection(SolutionConfigurationPlatforms) = preSolution
		Debug|Any CPU = Debug|Any CPU
		Release|Any CPU = Release|Any CPU
	EndGlobalSection
	GlobalSection(ProjectConfigurationPlatforms) = postSolution
		{99B4DB93-5B5C-47D7-B2FB-4756999CD3CC}.Debug|Any CPU.ActiveCfg = Debug|Any CPU
		{99B4DB93-5B5C-47D7-B2FB-4756999CD3CC}.Debug|Any CPU.Build.0 = Debug|Any CPU
		{99B4DB93-5B5C-47D7-B2FB-4756999CD3CC}.Release|Any CPU.ActiveCfg = Release|Any CPU
		{99B4DB93-5B5C-47D7-B2FB-4756999CD3CC}.Release|Any CPU.Build.0 = Release|Any CPU
	EndGlobalSection
	GlobalSection(SolutionProperties) = preSolution
		HideSolutionNode = FALSE
	EndGlobalSection
	GlobalSection(ExtensibilityGlobals) = postSolution
		SolutionGuid = {4DAE396D-AEEB-4C3D-A032-BBF6586289AD}
	EndGlobalSection
EndGlobal
